// !$*UTF8*$!
{
	archiveVersion = 1;
	classes = {
	};
	objectVersion = 77;
	objects = {

/* Begin PBXBuildFile section */
		09F86F132D3237E500F6E894 /* GoogleSignIn in Frameworks */ = {isa = PBXBuildFile; productRef = 09F86F122D3237E500F6E894 /* GoogleSignIn */; };
		09F86F152D3237E500F6E894 /* GoogleSignInSwift in Frameworks */ = {isa = PBXBuildFile; productRef = 09F86F142D3237E500F6E894 /* GoogleSignInSwift */; };
		09F86F172D32380700F6E894 /* GoogleSignIn in Frameworks */ = {isa = PBXBuildFile; productRef = 09F86F162D32380700F6E894 /* GoogleSignIn */; };
		09F86F192D32380700F6E894 /* GoogleSignInSwift in Frameworks */ = {isa = PBXBuildFile; productRef = 09F86F182D32380700F6E894 /* GoogleSignInSwift */; };
		09F86F1B2D32381600F6E894 /* GoogleSignIn in Frameworks */ = {isa = PBXBuildFile; productRef = 09F86F1A2D32381600F6E894 /* GoogleSignIn */; };
		09F86F1D2D32381600F6E894 /* GoogleSignInSwift in Frameworks */ = {isa = PBXBuildFile; productRef = 09F86F1C2D32381600F6E894 /* GoogleSignInSwift */; };
/* End PBXBuildFile section */

/* Begin PBXContainerItemProxy section */
		09910D832D30E04F0050F89F /* PBXContainerItemProxy */ = {
			isa = PBXContainerItemProxy;
			containerPortal = 09910D692D30E0460050F89F /* Project object */;
			proxyType = 1;
			remoteGlobalIDString = 09910D702D30E0460050F89F;
			remoteInfo = LetsBeHealthy;
		};
		09910D8D2D30E04F0050F89F /* PBXContainerItemProxy */ = {
			isa = PBXContainerItemProxy;
			containerPortal = 09910D692D30E0460050F89F /* Project object */;
			proxyType = 1;
			remoteGlobalIDString = 09910D702D30E0460050F89F;
			remoteInfo = LetsBeHealthy;
		};
/* End PBXContainerItemProxy section */

/* Begin PBXFileReference section */
		09910D712D30E0460050F89F /* LetsBeHealthy.app */ = {isa = PBXFileReference; explicitFileType = wrapper.application; includeInIndex = 0; path = LetsBeHealthy.app; sourceTree = BUILT_PRODUCTS_DIR; };
		09910D822D30E04F0050F89F /* LetsBeHealthyTests.xctest */ = {isa = PBXFileReference; explicitFileType = wrapper.cfbundle; includeInIndex = 0; path = LetsBeHealthyTests.xctest; sourceTree = BUILT_PRODUCTS_DIR; };
		09910D8C2D30E04F0050F89F /* LetsBeHealthyUITests.xctest */ = {isa = PBXFileReference; explicitFileType = wrapper.cfbundle; includeInIndex = 0; path = LetsBeHealthyUITests.xctest; sourceTree = BUILT_PRODUCTS_DIR; };
/* End PBXFileReference section */

/* Begin PBXFileSystemSynchronizedBuildFileExceptionSet section */
		09F86F452D362B5800F6E894 /* Exceptions for "LetsBeHealthy" folder in "LetsBeHealthy" target */ = {
			isa = PBXFileSystemSynchronizedBuildFileExceptionSet;
			membershipExceptions = (
				Info.plist,
			);
			target = 09910D702D30E0460050F89F /* LetsBeHealthy */;
		};
/* End PBXFileSystemSynchronizedBuildFileExceptionSet section */

/* Begin PBXFileSystemSynchronizedRootGroup section */
		09910D732D30E0460050F89F /* LetsBeHealthy */ = {
			isa = PBXFileSystemSynchronizedRootGroup;
			exceptions = (
				09F86F452D362B5800F6E894 /* Exceptions for "LetsBeHealthy" folder in "LetsBeHealthy" target */,
			);
			path = LetsBeHealthy;
			sourceTree = "<group>";
		};
		09910D852D30E04F0050F89F /* LetsBeHealthyTests */ = {
			isa = PBXFileSystemSynchronizedRootGroup;
			path = LetsBeHealthyTests;
			sourceTree = "<group>";
		};
		09910D8F2D30E04F0050F89F /* LetsBeHealthyUITests */ = {
			isa = PBXFileSystemSynchronizedRootGroup;
			path = LetsBeHealthyUITests;
			sourceTree = "<group>";
		};
/* End PBXFileSystemSynchronizedRootGroup section */

/* Begin PBXFrameworksBuildPhase section */
		09910D6E2D30E0460050F89F /* Frameworks */ = {
			isa = PBXFrameworksBuildPhase;
			buildActionMask = 2147483647;
			files = (
				09F86F132D3237E500F6E894 /* GoogleSignIn in Frameworks */,
				09F86F152D3237E500F6E894 /* GoogleSignInSwift in Frameworks */,
			);
			runOnlyForDeploymentPostprocessing = 0;
		};
		09910D7F2D30E04F0050F89F /* Frameworks */ = {
			isa = PBXFrameworksBuildPhase;
			buildActionMask = 2147483647;
			files = (
				09F86F172D32380700F6E894 /* GoogleSignIn in Frameworks */,
				09F86F192D32380700F6E894 /* GoogleSignInSwift in Frameworks */,
			);
			runOnlyForDeploymentPostprocessing = 0;
		};
		09910D892D30E04F0050F89F /* Frameworks */ = {
			isa = PBXFrameworksBuildPhase;
			buildActionMask = 2147483647;
			files = (
				09F86F1B2D32381600F6E894 /* GoogleSignIn in Frameworks */,
				09F86F1D2D32381600F6E894 /* GoogleSignInSwift in Frameworks */,
			);
			runOnlyForDeploymentPostprocessing = 0;
		};
/* End PBXFrameworksBuildPhase section */

/* Begin PBXGroup section */
		09910D682D30E0460050F89F = {
			isa = PBXGroup;
			children = (
				09910D732D30E0460050F89F /* LetsBeHealthy */,
				09910D852D30E04F0050F89F /* LetsBeHealthyTests */,
				09910D8F2D30E04F0050F89F /* LetsBeHealthyUITests */,
				09910D722D30E0460050F89F /* Products */,
			);
			sourceTree = "<group>";
		};
		09910D722D30E0460050F89F /* Products */ = {
			isa = PBXGroup;
			children = (
				09910D712D30E0460050F89F /* LetsBeHealthy.app */,
				09910D822D30E04F0050F89F /* LetsBeHealthyTests.xctest */,
				09910D8C2D30E04F0050F89F /* LetsBeHealthyUITests.xctest */,
			);
			name = Products;
			sourceTree = "<group>";
		};
/* End PBXGroup section */

/* Begin PBXNativeTarget section */
		09910D702D30E0460050F89F /* LetsBeHealthy */ = {
			isa = PBXNativeTarget;
			buildConfigurationList = 09910D962D30E04F0050F89F /* Build configuration list for PBXNativeTarget "LetsBeHealthy" */;
			buildPhases = (
				09910D6D2D30E0460050F89F /* Sources */,
				09910D6E2D30E0460050F89F /* Frameworks */,
				09910D6F2D30E0460050F89F /* Resources */,
			);
			buildRules = (
			);
			dependencies = (
			);
			fileSystemSynchronizedGroups = (
				09910D732D30E0460050F89F /* LetsBeHealthy */,
			);
			name = LetsBeHealthy;
			packageProductDependencies = (
				09F86F122D3237E500F6E894 /* GoogleSignIn */,
				09F86F142D3237E500F6E894 /* GoogleSignInSwift */,
			);
			productName = LetsBeHealthy;
			productReference = 09910D712D30E0460050F89F /* LetsBeHealthy.app */;
			productType = "com.apple.product-type.application";
		};
		09910D812D30E04F0050F89F /* LetsBeHealthyTests */ = {
			isa = PBXNativeTarget;
			buildConfigurationList = 09910D992D30E04F0050F89F /* Build configuration list for PBXNativeTarget "LetsBeHealthyTests" */;
			buildPhases = (
				09910D7E2D30E04F0050F89F /* Sources */,
				09910D7F2D30E04F0050F89F /* Frameworks */,
				09910D802D30E04F0050F89F /* Resources */,
			);
			buildRules = (
			);
			dependencies = (
				09910D842D30E04F0050F89F /* PBXTargetDependency */,
			);
			fileSystemSynchronizedGroups = (
				09910D852D30E04F0050F89F /* LetsBeHealthyTests */,
			);
			name = LetsBeHealthyTests;
			packageProductDependencies = (
				09F86F162D32380700F6E894 /* GoogleSignIn */,
				09F86F182D32380700F6E894 /* GoogleSignInSwift */,
			);
			productName = LetsBeHealthyTests;
			productReference = 09910D822D30E04F0050F89F /* LetsBeHealthyTests.xctest */;
			productType = "com.apple.product-type.bundle.unit-test";
		};
		09910D8B2D30E04F0050F89F /* LetsBeHealthyUITests */ = {
			isa = PBXNativeTarget;
			buildConfigurationList = 09910D9C2D30E04F0050F89F /* Build configuration list for PBXNativeTarget "LetsBeHealthyUITests" */;
			buildPhases = (
				09910D882D30E04F0050F89F /* Sources */,
				09910D892D30E04F0050F89F /* Frameworks */,
				09910D8A2D30E04F0050F89F /* Resources */,
			);
			buildRules = (
			);
			dependencies = (
				09910D8E2D30E04F0050F89F /* PBXTargetDependency */,
			);
			fileSystemSynchronizedGroups = (
				09910D8F2D30E04F0050F89F /* LetsBeHealthyUITests */,
			);
			name = LetsBeHealthyUITests;
			packageProductDependencies = (
				09F86F1A2D32381600F6E894 /* GoogleSignIn */,
				09F86F1C2D32381600F6E894 /* GoogleSignInSwift */,
			);
			productName = LetsBeHealthyUITests;
			productReference = 09910D8C2D30E04F0050F89F /* LetsBeHealthyUITests.xctest */;
			productType = "com.apple.product-type.bundle.ui-testing";
		};
/* End PBXNativeTarget section */

/* Begin PBXProject section */
		09910D692D30E0460050F89F /* Project object */ = {
			isa = PBXProject;
			attributes = {
				BuildIndependentTargetsInParallel = 1;
				LastSwiftUpdateCheck = 1620;
				LastUpgradeCheck = 1620;
				TargetAttributes = {
					09910D702D30E0460050F89F = {
						CreatedOnToolsVersion = 16.2;
					};
					09910D812D30E04F0050F89F = {
						CreatedOnToolsVersion = 16.2;
						TestTargetID = 09910D702D30E0460050F89F;
					};
					09910D8B2D30E04F0050F89F = {
						CreatedOnToolsVersion = 16.2;
						TestTargetID = 09910D702D30E0460050F89F;
					};
				};
			};
			buildConfigurationList = 09910D6C2D30E0460050F89F /* Build configuration list for PBXProject "LetsBeHealthy" */;
			developmentRegion = en;
			hasScannedForEncodings = 0;
			knownRegions = (
				en,
				Base,
			);
			mainGroup = 09910D682D30E0460050F89F;
			minimizedProjectReferenceProxies = 1;
			packageReferences = (
				09F86F112D32351F00F6E894 /* XCRemoteSwiftPackageReference "GoogleSignIn-iOS" */,
			);
			preferredProjectObjectVersion = 77;
			productRefGroup = 09910D722D30E0460050F89F /* Products */;
			projectDirPath = "";
			projectRoot = "";
			targets = (
				09910D702D30E0460050F89F /* LetsBeHealthy */,
				09910D812D30E04F0050F89F /* LetsBeHealthyTests */,
				09910D8B2D30E04F0050F89F /* LetsBeHealthyUITests */,
			);
		};
/* End PBXProject section */

/* Begin PBXResourcesBuildPhase section */
		09910D6F2D30E0460050F89F /* Resources */ = {
			isa = PBXResourcesBuildPhase;
			buildActionMask = 2147483647;
			files = (
			);
			runOnlyForDeploymentPostprocessing = 0;
		};
		09910D802D30E04F0050F89F /* Resources */ = {
			isa = PBXResourcesBuildPhase;
			buildActionMask = 2147483647;
			files = (
			);
			runOnlyForDeploymentPostprocessing = 0;
		};
		09910D8A2D30E04F0050F89F /* Resources */ = {
			isa = PBXResourcesBuildPhase;
			buildActionMask = 2147483647;
			files = (
			);
			runOnlyForDeploymentPostprocessing = 0;
		};
/* End PBXResourcesBuildPhase section */

/* Begin PBXSourcesBuildPhase section */
		09910D6D2D30E0460050F89F /* Sources */ = {
			isa = PBXSourcesBuildPhase;
			buildActionMask = 2147483647;
			files = (
			);
			runOnlyForDeploymentPostprocessing = 0;
		};
		09910D7E2D30E04F0050F89F /* Sources */ = {
			isa = PBXSourcesBuildPhase;
			buildActionMask = 2147483647;
			files = (
			);
			runOnlyForDeploymentPostprocessing = 0;
		};
		09910D882D30E04F0050F89F /* Sources */ = {
			isa = PBXSourcesBuildPhase;
			buildActionMask = 2147483647;
			files = (
			);
			runOnlyForDeploymentPostprocessing = 0;
		};
/* End PBXSourcesBuildPhase section */

/* Begin PBXTargetDependency section */
		09910D842D30E04F0050F89F /* PBXTargetDependency */ = {
			isa = PBXTargetDependency;
			target = 09910D702D30E0460050F89F /* LetsBeHealthy */;
			targetProxy = 09910D832D30E04F0050F89F /* PBXContainerItemProxy */;
		};
		09910D8E2D30E04F0050F89F /* PBXTargetDependency */ = {
			isa = PBXTargetDependency;
			target = 09910D702D30E0460050F89F /* LetsBeHealthy */;
			targetProxy = 09910D8D2D30E04F0050F89F /* PBXContainerItemProxy */;
		};
/* End PBXTargetDependency section */

/* Begin XCBuildConfiguration section */
		09910D942D30E04F0050F89F /* Debug */ = {
			isa = XCBuildConfiguration;
			buildSettings = {
				ALWAYS_SEARCH_USER_PATHS = NO;
				ASSETCATALOG_COMPILER_GENERATE_SWIFT_ASSET_SYMBOL_EXTENSIONS = YES;
				CLANG_ANALYZER_NONNULL = YES;
				CLANG_ANALYZER_NUMBER_OBJECT_CONVERSION = YES_AGGRESSIVE;
				CLANG_CXX_LANGUAGE_STANDARD = "gnu++20";
				CLANG_ENABLE_MODULES = YES;
				CLANG_ENABLE_OBJC_ARC = YES;
				CLANG_ENABLE_OBJC_WEAK = YES;
				CLANG_WARN_BLOCK_CAPTURE_AUTORELEASING = YES;
				CLANG_WARN_BOOL_CONVERSION = YES;
				CLANG_WARN_COMMA = YES;
				CLANG_WARN_CONSTANT_CONVERSION = YES;
				CLANG_WARN_DEPRECATED_OBJC_IMPLEMENTATIONS = YES;
				CLANG_WARN_DIRECT_OBJC_ISA_USAGE = YES_ERROR;
				CLANG_WARN_DOCUMENTATION_COMMENTS = YES;
				CLANG_WARN_EMPTY_BODY = YES;
				CLANG_WARN_ENUM_CONVERSION = YES;
				CLANG_WARN_INFINITE_RECURSION = YES;
				CLANG_WARN_INT_CONVERSION = YES;
				CLANG_WARN_NON_LITERAL_NULL_CONVERSION = YES;
				CLANG_WARN_OBJC_IMPLICIT_RETAIN_SELF = YES;
				CLANG_WARN_OBJC_LITERAL_CONVERSION = YES;
				CLANG_WARN_OBJC_ROOT_CLASS = YES_ERROR;
				CLANG_WARN_QUOTED_INCLUDE_IN_FRAMEWORK_HEADER = YES;
				CLANG_WARN_RANGE_LOOP_ANALYSIS = YES;
				CLANG_WARN_STRICT_PROTOTYPES = YES;
				CLANG_WARN_SUSPICIOUS_MOVE = YES;
				CLANG_WARN_UNGUARDED_AVAILABILITY = YES_AGGRESSIVE;
				CLANG_WARN_UNREACHABLE_CODE = YES;
				CLANG_WARN__DUPLICATE_METHOD_MATCH = YES;
				COPY_PHASE_STRIP = NO;
				DEBUG_INFORMATION_FORMAT = dwarf;
				ENABLE_STRICT_OBJC_MSGSEND = YES;
				ENABLE_TESTABILITY = YES;
				ENABLE_USER_SCRIPT_SANDBOXING = YES;
				GCC_C_LANGUAGE_STANDARD = gnu17;
				GCC_DYNAMIC_NO_PIC = NO;
				GCC_NO_COMMON_BLOCKS = YES;
				GCC_OPTIMIZATION_LEVEL = 0;
				GCC_PREPROCESSOR_DEFINITIONS = (
					"DEBUG=1",
					"$(inherited)",
				);
				GCC_WARN_64_TO_32_BIT_CONVERSION = YES;
				GCC_WARN_ABOUT_RETURN_TYPE = YES_ERROR;
				GCC_WARN_UNDECLARED_SELECTOR = YES;
				GCC_WARN_UNINITIALIZED_AUTOS = YES_AGGRESSIVE;
				GCC_WARN_UNUSED_FUNCTION = YES;
				GCC_WARN_UNUSED_VARIABLE = YES;
				LOCALIZATION_PREFERS_STRING_CATALOGS = YES;
				MTL_ENABLE_DEBUG_INFO = INCLUDE_SOURCE;
				MTL_FAST_MATH = YES;
				ONLY_ACTIVE_ARCH = YES;
				SWIFT_ACTIVE_COMPILATION_CONDITIONS = "DEBUG $(inherited)";
				SWIFT_OPTIMIZATION_LEVEL = "-Onone";
			};
			name = Debug;
		};
		09910D952D30E04F0050F89F /* Release */ = {
			isa = XCBuildConfiguration;
			buildSettings = {
				ALWAYS_SEARCH_USER_PATHS = NO;
				ASSETCATALOG_COMPILER_GENERATE_SWIFT_ASSET_SYMBOL_EXTENSIONS = YES;
				CLANG_ANALYZER_NONNULL = YES;
				CLANG_ANALYZER_NUMBER_OBJECT_CONVERSION = YES_AGGRESSIVE;
				CLANG_CXX_LANGUAGE_STANDARD = "gnu++20";
				CLANG_ENABLE_MODULES = YES;
				CLANG_ENABLE_OBJC_ARC = YES;
				CLANG_ENABLE_OBJC_WEAK = YES;
				CLANG_WARN_BLOCK_CAPTURE_AUTORELEASING = YES;
				CLANG_WARN_BOOL_CONVERSION = YES;
				CLANG_WARN_COMMA = YES;
				CLANG_WARN_CONSTANT_CONVERSION = YES;
				CLANG_WARN_DEPRECATED_OBJC_IMPLEMENTATIONS = YES;
				CLANG_WARN_DIRECT_OBJC_ISA_USAGE = YES_ERROR;
				CLANG_WARN_DOCUMENTATION_COMMENTS = YES;
				CLANG_WARN_EMPTY_BODY = YES;
				CLANG_WARN_ENUM_CONVERSION = YES;
				CLANG_WARN_INFINITE_RECURSION = YES;
				CLANG_WARN_INT_CONVERSION = YES;
				CLANG_WARN_NON_LITERAL_NULL_CONVERSION = YES;
				CLANG_WARN_OBJC_IMPLICIT_RETAIN_SELF = YES;
				CLANG_WARN_OBJC_LITERAL_CONVERSION = YES;
				CLANG_WARN_OBJC_ROOT_CLASS = YES_ERROR;
				CLANG_WARN_QUOTED_INCLUDE_IN_FRAMEWORK_HEADER = YES;
				CLANG_WARN_RANGE_LOOP_ANALYSIS = YES;
				CLANG_WARN_STRICT_PROTOTYPES = YES;
				CLANG_WARN_SUSPICIOUS_MOVE = YES;
				CLANG_WARN_UNGUARDED_AVAILABILITY = YES_AGGRESSIVE;
				CLANG_WARN_UNREACHABLE_CODE = YES;
				CLANG_WARN__DUPLICATE_METHOD_MATCH = YES;
				COPY_PHASE_STRIP = NO;
				DEBUG_INFORMATION_FORMAT = "dwarf-with-dsym";
				ENABLE_NS_ASSERTIONS = NO;
				ENABLE_STRICT_OBJC_MSGSEND = YES;
				ENABLE_USER_SCRIPT_SANDBOXING = YES;
				GCC_C_LANGUAGE_STANDARD = gnu17;
				GCC_NO_COMMON_BLOCKS = YES;
				GCC_WARN_64_TO_32_BIT_CONVERSION = YES;
				GCC_WARN_ABOUT_RETURN_TYPE = YES_ERROR;
				GCC_WARN_UNDECLARED_SELECTOR = YES;
				GCC_WARN_UNINITIALIZED_AUTOS = YES_AGGRESSIVE;
				GCC_WARN_UNUSED_FUNCTION = YES;
				GCC_WARN_UNUSED_VARIABLE = YES;
				LOCALIZATION_PREFERS_STRING_CATALOGS = YES;
				MTL_ENABLE_DEBUG_INFO = NO;
				MTL_FAST_MATH = YES;
				SWIFT_COMPILATION_MODE = wholemodule;
			};
			name = Release;
		};
		09910D972D30E04F0050F89F /* Debug */ = {
			isa = XCBuildConfiguration;
			buildSettings = {
				ASSETCATALOG_COMPILER_APPICON_NAME = AppIcon;
				ASSETCATALOG_COMPILER_GLOBAL_ACCENT_COLOR_NAME = AccentColor;
				CODE_SIGN_ENTITLEMENTS = LetsBeHealthy/LetsBeHealthy.entitlements;
				CODE_SIGN_IDENTITY = "Apple Development";
				CODE_SIGN_STYLE = Automatic;
				CURRENT_PROJECT_VERSION = 1;
				DEVELOPMENT_ASSET_PATHS = "\"LetsBeHealthy/Preview Content\"";
				DEVELOPMENT_TEAM = 4P6VPPSZ3Z;
				ENABLE_PREVIEWS = YES;
				GENERATE_INFOPLIST_FILE = YES;
				INFOPLIST_FILE = LetsBeHealthy/Info.plist;
				INFOPLIST_KEY_NSHealthShareUsageDescription = "Need data for displaying";
				INFOPLIST_KEY_NSHealthUpdateUsageDescription = "need data to be updated";
				"INFOPLIST_KEY_UIApplicationSceneManifest_Generation[sdk=iphoneos*]" = YES;
				"INFOPLIST_KEY_UIApplicationSceneManifest_Generation[sdk=iphonesimulator*]" = YES;
				"INFOPLIST_KEY_UIApplicationSupportsIndirectInputEvents[sdk=iphoneos*]" = YES;
				"INFOPLIST_KEY_UIApplicationSupportsIndirectInputEvents[sdk=iphonesimulator*]" = YES;
				"INFOPLIST_KEY_UILaunchScreen_Generation[sdk=iphoneos*]" = YES;
				"INFOPLIST_KEY_UILaunchScreen_Generation[sdk=iphonesimulator*]" = YES;
				"INFOPLIST_KEY_UIStatusBarStyle[sdk=iphoneos*]" = UIStatusBarStyleDefault;
				"INFOPLIST_KEY_UIStatusBarStyle[sdk=iphonesimulator*]" = UIStatusBarStyleDefault;
				INFOPLIST_KEY_UISupportedInterfaceOrientations_iPad = "UIInterfaceOrientationPortrait UIInterfaceOrientationPortraitUpsideDown UIInterfaceOrientationLandscapeLeft UIInterfaceOrientationLandscapeRight";
				INFOPLIST_KEY_UISupportedInterfaceOrientations_iPhone = "UIInterfaceOrientationPortrait UIInterfaceOrientationLandscapeLeft UIInterfaceOrientationLandscapeRight";
				IPHONEOS_DEPLOYMENT_TARGET = 18.2;
				LD_RUNPATH_SEARCH_PATHS = "@executable_path/Frameworks";
				"LD_RUNPATH_SEARCH_PATHS[sdk=macosx*]" = "@executable_path/../Frameworks";
				MACOSX_DEPLOYMENT_TARGET = 15.1;
				MARKETING_VERSION = 1.0;
				PRODUCT_BUNDLE_IDENTIFIER = Bhagavan.LetsBeHealthy;
				PRODUCT_NAME = "$(TARGET_NAME)";
				PROVISIONING_PROFILE_SPECIFIER = "";
				SDKROOT = auto;
				SUPPORTED_PLATFORMS = "iphoneos iphonesimulator";
				SUPPORTS_MACCATALYST = NO;
				SWIFT_EMIT_LOC_STRINGS = YES;
				SWIFT_VERSION = 5.0;
				TARGETED_DEVICE_FAMILY = 1;
				XROS_DEPLOYMENT_TARGET = 2.2;
			};
			name = Debug;
		};
		09910D982D30E04F0050F89F /* Release */ = {
			isa = XCBuildConfiguration;
			buildSettings = {
				ASSETCATALOG_COMPILER_APPICON_NAME = AppIcon;
				ASSETCATALOG_COMPILER_GLOBAL_ACCENT_COLOR_NAME = AccentColor;
				CODE_SIGN_ENTITLEMENTS = LetsBeHealthy/LetsBeHealthy.entitlements;
				CODE_SIGN_IDENTITY = "Apple Development";
				CODE_SIGN_STYLE = Automatic;
				CURRENT_PROJECT_VERSION = 1;
				DEVELOPMENT_ASSET_PATHS = "\"LetsBeHealthy/Preview Content\"";
				DEVELOPMENT_TEAM = 4P6VPPSZ3Z;
				ENABLE_PREVIEWS = YES;
				GENERATE_INFOPLIST_FILE = YES;
				INFOPLIST_FILE = LetsBeHealthy/Info.plist;
				INFOPLIST_KEY_NSHealthShareUsageDescription = "Need data for displaying";
				INFOPLIST_KEY_NSHealthUpdateUsageDescription = "need data to be updated";
				"INFOPLIST_KEY_UIApplicationSceneManifest_Generation[sdk=iphoneos*]" = YES;
				"INFOPLIST_KEY_UIApplicationSceneManifest_Generation[sdk=iphonesimulator*]" = YES;
				"INFOPLIST_KEY_UIApplicationSupportsIndirectInputEvents[sdk=iphoneos*]" = YES;
				"INFOPLIST_KEY_UIApplicationSupportsIndirectInputEvents[sdk=iphonesimulator*]" = YES;
				"INFOPLIST_KEY_UILaunchScreen_Generation[sdk=iphoneos*]" = YES;
				"INFOPLIST_KEY_UILaunchScreen_Generation[sdk=iphonesimulator*]" = YES;
				"INFOPLIST_KEY_UIStatusBarStyle[sdk=iphoneos*]" = UIStatusBarStyleDefault;
				"INFOPLIST_KEY_UIStatusBarStyle[sdk=iphonesimulator*]" = UIStatusBarStyleDefault;
				INFOPLIST_KEY_UISupportedInterfaceOrientations_iPad = "UIInterfaceOrientationPortrait UIInterfaceOrientationPortraitUpsideDown UIInterfaceOrientationLandscapeLeft UIInterfaceOrientationLandscapeRight";
				INFOPLIST_KEY_UISupportedInterfaceOrientations_iPhone = "UIInterfaceOrientationPortrait UIInterfaceOrientationLandscapeLeft UIInterfaceOrientationLandscapeRight";
				IPHONEOS_DEPLOYMENT_TARGET = 18.2;
				LD_RUNPATH_SEARCH_PATHS = "@executable_path/Frameworks";
				"LD_RUNPATH_SEARCH_PATHS[sdk=macosx*]" = "@executable_path/../Frameworks";
				MACOSX_DEPLOYMENT_TARGET = 15.1;
				MARKETING_VERSION = 1.0;
				PRODUCT_BUNDLE_IDENTIFIER = Bhagavan.LetsBeHealthy;
				PRODUCT_NAME = "$(TARGET_NAME)";
				PROVISIONING_PROFILE_SPECIFIER = "";
				SDKROOT = auto;
				SUPPORTED_PLATFORMS = "iphoneos iphonesimulator";
				SUPPORTS_MACCATALYST = NO;
				SWIFT_EMIT_LOC_STRINGS = YES;
				SWIFT_VERSION = 5.0;
				TARGETED_DEVICE_FAMILY = 1;
				XROS_DEPLOYMENT_TARGET = 2.2;
			};
			name = Release;
		};
		09910D9A2D30E04F0050F89F /* Debug */ = {
			isa = XCBuildConfiguration;
			buildSettings = {
				BUNDLE_LOADER = "$(TEST_HOST)";
				CODE_SIGN_STYLE = Automatic;
				CURRENT_PROJECT_VERSION = 1;
				DEVELOPMENT_TEAM = 4P6VPPSZ3Z;
				GENERATE_INFOPLIST_FILE = YES;
				IPHONEOS_DEPLOYMENT_TARGET = 18.2;
				MACOSX_DEPLOYMENT_TARGET = 15.1;
				MARKETING_VERSION = 1.0;
				PRODUCT_BUNDLE_IDENTIFIER = Bhagavan.LetsBeHealthyTests;
				PRODUCT_NAME = "$(TARGET_NAME)";
				SDKROOT = auto;
				SUPPORTED_PLATFORMS = "iphoneos iphonesimulator";
				SUPPORTS_MACCATALYST = NO;
				SWIFT_EMIT_LOC_STRINGS = NO;
				SWIFT_VERSION = 5.0;
				TARGETED_DEVICE_FAMILY = 1;
				TEST_HOST = "$(BUILT_PRODUCTS_DIR)/LetsBeHealthy.app/$(BUNDLE_EXECUTABLE_FOLDER_PATH)/LetsBeHealthy";
				XROS_DEPLOYMENT_TARGET = 2.2;
			};
			name = Debug;
		};
		09910D9B2D30E04F0050F89F /* Release */ = {
			isa = XCBuildConfiguration;
			buildSettings = {
				BUNDLE_LOADER = "$(TEST_HOST)";
				CODE_SIGN_STYLE = Automatic;
				CURRENT_PROJECT_VERSION = 1;
				DEVELOPMENT_TEAM = 4P6VPPSZ3Z;
				GENERATE_INFOPLIST_FILE = YES;
				IPHONEOS_DEPLOYMENT_TARGET = 18.2;
				MACOSX_DEPLOYMENT_TARGET = 15.1;
				MARKETING_VERSION = 1.0;
				PRODUCT_BUNDLE_IDENTIFIER = Bhagavan.LetsBeHealthyTests;
				PRODUCT_NAME = "$(TARGET_NAME)";
				SDKROOT = auto;
				SUPPORTED_PLATFORMS = "iphoneos iphonesimulator";
				SUPPORTS_MACCATALYST = NO;
				SWIFT_EMIT_LOC_STRINGS = NO;
				SWIFT_VERSION = 5.0;
				TARGETED_DEVICE_FAMILY = 1;
				TEST_HOST = "$(BUILT_PRODUCTS_DIR)/LetsBeHealthy.app/$(BUNDLE_EXECUTABLE_FOLDER_PATH)/LetsBeHealthy";
				XROS_DEPLOYMENT_TARGET = 2.2;
			};
			name = Release;
		};
		09910D9D2D30E04F0050F89F /* Debug */ = {
			isa = XCBuildConfiguration;
			buildSettings = {
				CODE_SIGN_STYLE = Automatic;
				CURRENT_PROJECT_VERSION = 1;
				DEVELOPMENT_TEAM = 4P6VPPSZ3Z;
				GENERATE_INFOPLIST_FILE = YES;
				IPHONEOS_DEPLOYMENT_TARGET = 18.2;
				MACOSX_DEPLOYMENT_TARGET = 15.1;
				MARKETING_VERSION = 1.0;
				PRODUCT_BUNDLE_IDENTIFIER = Bhagavan.LetsBeHealthyUITests;
				PRODUCT_NAME = "$(TARGET_NAME)";
				SDKROOT = auto;
				SUPPORTED_PLATFORMS = "iphoneos iphonesimulator";
				SUPPORTS_MACCATALYST = NO;
				SWIFT_EMIT_LOC_STRINGS = NO;
				SWIFT_VERSION = 5.0;
				TARGETED_DEVICE_FAMILY = 1;
				TEST_TARGET_NAME = LetsBeHealthy;
				XROS_DEPLOYMENT_TARGET = 2.2;
			};
			name = Debug;
		};
		09910D9E2D30E04F0050F89F /* Release */ = {
			isa = XCBuildConfiguration;
			buildSettings = {
				CODE_SIGN_STYLE = Automatic;
				CURRENT_PROJECT_VERSION = 1;
				DEVELOPMENT_TEAM = 4P6VPPSZ3Z;
				GENERATE_INFOPLIST_FILE = YES;
				IPHONEOS_DEPLOYMENT_TARGET = 18.2;
				MACOSX_DEPLOYMENT_TARGET = 15.1;
				MARKETING_VERSION = 1.0;
				PRODUCT_BUNDLE_IDENTIFIER = Bhagavan.LetsBeHealthyUITests;
				PRODUCT_NAME = "$(TARGET_NAME)";
				SDKROOT = auto;
				SUPPORTED_PLATFORMS = "iphoneos iphonesimulator";
				SUPPORTS_MACCATALYST = NO;
				SWIFT_EMIT_LOC_STRINGS = NO;
				SWIFT_VERSION = 5.0;
				TARGETED_DEVICE_FAMILY = 1;
				TEST_TARGET_NAME = LetsBeHealthy;
				XROS_DEPLOYMENT_TARGET = 2.2;
			};
			name = Release;
		};
/* End XCBuildConfiguration section */

/* Begin XCConfigurationList section */
		09910D6C2D30E0460050F89F /* Build configuration list for PBXProject "LetsBeHealthy" */ = {
			isa = XCConfigurationList;
			buildConfigurations = (
				09910D942D30E04F0050F89F /* Debug */,
				09910D952D30E04F0050F89F /* Release */,
			);
			defaultConfigurationIsVisible = 0;
			defaultConfigurationName = Release;
		};
		09910D962D30E04F0050F89F /* Build configuration list for PBXNativeTarget "LetsBeHealthy" */ = {
			isa = XCConfigurationList;
			buildConfigurations = (
				09910D972D30E04F0050F89F /* Debug */,
				09910D982D30E04F0050F89F /* Release */,
			);
			defaultConfigurationIsVisible = 0;
			defaultConfigurationName = Release;
		};
		09910D992D30E04F0050F89F /* Build configuration list for PBXNativeTarget "LetsBeHealthyTests" */ = {
			isa = XCConfigurationList;
			buildConfigurations = (
				09910D9A2D30E04F0050F89F /* Debug */,
				09910D9B2D30E04F0050F89F /* Release */,
			);
			defaultConfigurationIsVisible = 0;
			defaultConfigurationName = Release;
		};
		09910D9C2D30E04F0050F89F /* Build configuration list for PBXNativeTarget "LetsBeHealthyUITests" */ = {
			isa = XCConfigurationList;
			buildConfigurations = (
				09910D9D2D30E04F0050F89F /* Debug */,
				09910D9E2D30E04F0050F89F /* Release */,
			);
			defaultConfigurationIsVisible = 0;
			defaultConfigurationName = Release;
		};
/* End XCConfigurationList section */

/* Begin XCRemoteSwiftPackageReference section */
		09F86F112D32351F00F6E894 /* XCRemoteSwiftPackageReference "GoogleSignIn-iOS" */ = {
			isa = XCRemoteSwiftPackageReference;
			repositoryURL = "https://github.com/google/GoogleSignIn-iOS";
			requirement = {
				kind = upToNextMajorVersion;
				minimumVersion = 8.0.0;
			};
		};
/* End XCRemoteSwiftPackageReference section */

/* Begin XCSwiftPackageProductDependency section */
		09F86F122D3237E500F6E894 /* GoogleSignIn */ = {
			isa = XCSwiftPackageProductDependency;
			package = 09F86F112D32351F00F6E894 /* XCRemoteSwiftPackageReference "GoogleSignIn-iOS" */;
			productName = GoogleSignIn;
		};
		09F86F142D3237E500F6E894 /* GoogleSignInSwift */ = {
			isa = XCSwiftPackageProductDependency;
			package = 09F86F112D32351F00F6E894 /* XCRemoteSwiftPackageReference "GoogleSignIn-iOS" */;
			productName = GoogleSignInSwift;
		};
		09F86F162D32380700F6E894 /* GoogleSignIn */ = {
			isa = XCSwiftPackageProductDependency;
			package = 09F86F112D32351F00F6E894 /* XCRemoteSwiftPackageReference "GoogleSignIn-iOS" */;
			productName = GoogleSignIn;
		};
		09F86F182D32380700F6E894 /* GoogleSignInSwift */ = {
			isa = XCSwiftPackageProductDependency;
			package = 09F86F112D32351F00F6E894 /* XCRemoteSwiftPackageReference "GoogleSignIn-iOS" */;
			productName = GoogleSignInSwift;
		};
		09F86F1A2D32381600F6E894 /* GoogleSignIn */ = {
			isa = XCSwiftPackageProductDependency;
			package = 09F86F112D32351F00F6E894 /* XCRemoteSwiftPackageReference "GoogleSignIn-iOS" */;
			productName = GoogleSignIn;
		};
		09F86F1C2D32381600F6E894 /* GoogleSignInSwift */ = {
			isa = XCSwiftPackageProductDependency;
			package = 09F86F112D32351F00F6E894 /* XCRemoteSwiftPackageReference "GoogleSignIn-iOS" */;
			productName = GoogleSignInSwift;
		};
/* End XCSwiftPackageProductDependency section */
	};
	rootObject = 09910D692D30E0460050F89F /* Project object */;
}
